
Microsoft Visual Studio Solution File, Format Version 12.00
# Visual Studio Version 16
VisualStudioVersion = 16.0.31613.86
MinimumVisualStudioVersion = 10.0.40219.1
Project("{FAE04EC0-301F-11D3-BF4B-00C04F79EFBC}") = "MyFirstApp", "MyFirstApp\MyFirstApp.csproj", "{1609E433-EC62-4503-9A85-047A18378A0B}"
EndProject
Global
	GlobalSection(SolutionConfigurationPlatforms) = preSolution
		Debug|Any CPU = Debug|Any CPU
		Release|Any CPU = Release|Any CPU
	EndGlobalSection
	GlobalSection(ProjectConfigurationPlatforms) = postSolution
		{1609E433-EC62-4503-9A85-047A18378A0B}.Debug|Any CPU.ActiveCfg = Debug|Any CPU
		{1609E433-EC62-4503-9A85-047A18378A0B}.Debug|Any CPU.Build.0 = Debug|Any CPU
		{1609E433-EC62-4503-9A85-047A18378A0B}.Release|Any CPU.ActiveCfg = Release|Any CPU
		{1609E433-EC62-4503-9A85-047A18378A0B}.Release|Any CPU.Build.0 = Release|Any CPU
	EndGlobalSection
	GlobalSection(SolutionProperties) = preSolution
		HideSolutionNode = FALSE
	EndGlobalSection
	GlobalSection(ExtensibilityGlobals) = postSolution
		SolutionGuid = {A1D7D217-F5B6-49BB-8BF2-3F08F71FD6B4}
	EndGlobalSection
EndGlobal
