
Microsoft Visual Studio Solution File, Format Version 12.00
# Visual Studio Version 16
VisualStudioVersion = 16.0.31613.86
MinimumVisualStudioVersion = 10.0.40219.1
Project("{FAE04EC0-301F-11D3-BF4B-00C04F79EFBC}") = "WpfHelloworld", "WpfHelloworld\WpfHelloworld.csproj", "{7D1A81B5-4D92-409C-A134-BB1D2F539BEB}"
EndProject
Global
	GlobalSection(SolutionConfigurationPlatforms) = preSolution
		Debug|Any CPU = Debug|Any CPU
		Release|Any CPU = Release|Any CPU
	EndGlobalSection
	GlobalSection(ProjectConfigurationPlatforms) = postSolution
		{7D1A81B5-4D92-409C-A134-BB1D2F539BEB}.Debug|Any CPU.ActiveCfg = Debug|Any CPU
		{7D1A81B5-4D92-409C-A134-BB1D2F539BEB}.Debug|Any CPU.Build.0 = Debug|Any CPU
		{7D1A81B5-4D92-409C-A134-BB1D2F539BEB}.Release|Any CPU.ActiveCfg = Release|Any CPU
		{7D1A81B5-4D92-409C-A134-BB1D2F539BEB}.Release|Any CPU.Build.0 = Release|Any CPU
	EndGlobalSection
	GlobalSection(SolutionProperties) = preSolution
		HideSolutionNode = FALSE
	EndGlobalSection
	GlobalSection(ExtensibilityGlobals) = postSolution
		SolutionGuid = {059E0DD8-7395-4A5E-932B-CA1087636D25}
	EndGlobalSection
EndGlobal
